{
  "dependencies": {
    "wechat-api": {
      "version": "1.19.0",
      "dependencies": {
        "formstream": {
          "version": "1.0.0",
          "dependencies": {
            "buffer-concat": {
              "version": "0.0.1"
            },
            "destroy": {
              "version": "1.0.3"
            },
            "mime": {
              "version": "1.2.11"
            },
            "pause-stream": {
              "version": "0.0.11",
              "dependencies": {
                "through": {
                  "version": "2.3.8"
                }
              }
            }
          }
        },
        "urllib": {
          "version": "2.0.2",
          "dependencies": {
            "debug": {
              "version": "2.1.3",
              "dependencies": {
                "ms": {
                  "version": "0.7.0"
                }
              }
            },
            "default-user-agent": {
              "version": "https://registry.npm.taobao.org/default-user-agent/download/default-user-agent-0.0.1.tgz"
            },
            "digest-header": {
              "version": "https://registry.npm.taobao.org/digest-header/download/digest-header-0.0.1.tgz",
              "dependencies": {
                "utility": {
                  "version": "0.1.11",
                  "dependencies": {
                    "address": {
                      "version": "https://registry.npm.taobao.org/address/download/address-1.0.0.tgz"
                    }
                  }
                }
              }
            },
            "iconv-lite": {
              "version": "0.4.13"
            },
            "media-typer": {
              "version": "https://registry.npm.taobao.org/media-typer/download/media-typer-0.3.0.tgz"
            },
            "native-or-bluebird": {
              "version": "1.1.2"
            }
          }
        }
      }
    },
    "wechat-crypto": {
      "version": "0.0.2"
    },
    "wechat-oauth": {
      "version": "1.1.0",
      "dependencies": {
        "urllib": {
          "version": "2.0.2",
          "dependencies": {
            "debug": {
              "version": "2.1.3",
              "dependencies": {
                "ms": {
                  "version": "0.7.0"
                }
              }
            },
            "default-user-agent": {
              "version": "https://registry.npm.taobao.org/default-user-agent/download/default-user-agent-0.0.1.tgz"
            },
            "digest-header": {
              "version": "https://registry.npm.taobao.org/digest-header/download/digest-header-0.0.1.tgz",
              "dependencies": {
                "utility": {
                  "version": "0.1.11",
                  "dependencies": {
                    "address": {
                      "version": "https://registry.npm.taobao.org/address/download/address-1.0.0.tgz"
                    }
                  }
                }
              }
            },
            "iconv-lite": {
              "version": "0.4.13"
            },
            "media-typer": {
              "version": "https://registry.npm.taobao.org/media-typer/download/media-typer-0.3.0.tgz"
            },
            "native-or-bluebird": {
              "version": "1.1.2"
            }
          }
        }
      }
    }
  }
}
